
Microsoft Visual Studio Solution File, Format Version 12.00
# Visual Studio 15
VisualStudioVersion = 15.0.26430.16
MinimumVisualStudioVersion = 10.0.40219.1
Project("{FAE04EC0-301F-11D3-BF4B-00C04F79EFBC}") = "Entity", "entity\Entity.csproj", "{770C9A34-4228-4E1D-8AA2-694AF7F108F3}"
EndProject
Project("{FAE04EC0-301F-11D3-BF4B-00C04F79EFBC}") = "View", "view\View.csproj", "{1531D596-D0FA-46CE-99D9-6483EB40624A}"
	ProjectSection(ProjectDependencies) = postProject
		{850B7465-0841-4C34-A918-F8B4472457D3} = {850B7465-0841-4C34-A918-F8B4472457D3}
	EndProjectSection
EndProject
Project("{FAE04EC0-301F-11D3-BF4B-00C04F79EFBC}") = "Cntrl", "cntrl\Cntrl.csproj", "{850B7465-0841-4C34-A918-F8B4472457D3}"
	ProjectSection(ProjectDependencies) = postProject
		{770C9A34-4228-4E1D-8AA2-694AF7F108F3} = {770C9A34-4228-4E1D-8AA2-694AF7F108F3}
	EndProjectSection
EndProject
Project("{2150E333-8FDC-42A3-9474-1A3956D46DE8}") = ".nuget", ".nuget", "{764326F8-BA6F-4E1B-87A9-3BD3AF36B301}"
	ProjectSection(SolutionItems) = preProject
		.nuget\NuGet.Config = .nuget\NuGet.Config
		.nuget\NuGet.exe = .nuget\NuGet.exe
		.nuget\NuGet.targets = .nuget\NuGet.targets
	EndProjectSection
EndProject
Project("{FAE04EC0-301F-11D3-BF4B-00C04F79EFBC}") = "Documents", "Documents\Documents.csproj", "{7E70002C-DC45-4330-8F2B-5F3FDB280213}"
EndProject
Project("{FAE04EC0-301F-11D3-BF4B-00C04F79EFBC}") = "Reports", "Reports\Reports.csproj", "{92DB3BC1-F8F2-468C-983F-8C99136DD6B9}"
EndProject
Project("{F184B08F-C81C-45F6-A57F-5ABD9991F28F}") = "BarcodeGenerator", "BarcodeGenerator\BarcodeGenerator.vbproj", "{528DCB9E-11A0-4EDE-81E6-54671AD6FBEB}"
EndProject
Global
	GlobalSection(SolutionConfigurationPlatforms) = preSolution
		Debug|Any CPU = Debug|Any CPU
		Debug|x86 = Debug|x86
		DebugLocal|Any CPU = DebugLocal|Any CPU
		DebugLocal|x86 = DebugLocal|x86
		Release|Any CPU = Release|Any CPU
		Release|x86 = Release|x86
	EndGlobalSection
	GlobalSection(ProjectConfigurationPlatforms) = postSolution
		{770C9A34-4228-4E1D-8AA2-694AF7F108F3}.Debug|Any CPU.ActiveCfg = Release|Any CPU
		{770C9A34-4228-4E1D-8AA2-694AF7F108F3}.Debug|Any CPU.Build.0 = Release|Any CPU
		{770C9A34-4228-4E1D-8AA2-694AF7F108F3}.Debug|x86.ActiveCfg = Debug|x86
		{770C9A34-4228-4E1D-8AA2-694AF7F108F3}.Debug|x86.Build.0 = Debug|x86
		{770C9A34-4228-4E1D-8AA2-694AF7F108F3}.DebugLocal|Any CPU.ActiveCfg = Debug|Any CPU
		{770C9A34-4228-4E1D-8AA2-694AF7F108F3}.DebugLocal|Any CPU.Build.0 = Debug|Any CPU
		{770C9A34-4228-4E1D-8AA2-694AF7F108F3}.DebugLocal|x86.ActiveCfg = Debug|x86
		{770C9A34-4228-4E1D-8AA2-694AF7F108F3}.DebugLocal|x86.Build.0 = Debug|x86
		{770C9A34-4228-4E1D-8AA2-694AF7F108F3}.Release|Any CPU.ActiveCfg = Debug|Any CPU
		{770C9A34-4228-4E1D-8AA2-694AF7F108F3}.Release|Any CPU.Build.0 = Debug|Any CPU
		{770C9A34-4228-4E1D-8AA2-694AF7F108F3}.Release|x86.ActiveCfg = Release|x86
		{770C9A34-4228-4E1D-8AA2-694AF7F108F3}.Release|x86.Build.0 = Release|x86
		{1531D596-D0FA-46CE-99D9-6483EB40624A}.Debug|Any CPU.ActiveCfg = Release|Any CPU
		{1531D596-D0FA-46CE-99D9-6483EB40624A}.Debug|Any CPU.Build.0 = Release|Any CPU
		{1531D596-D0FA-46CE-99D9-6483EB40624A}.Debug|x86.ActiveCfg = Debug|x86
		{1531D596-D0FA-46CE-99D9-6483EB40624A}.Debug|x86.Build.0 = Debug|x86
		{1531D596-D0FA-46CE-99D9-6483EB40624A}.DebugLocal|Any CPU.ActiveCfg = Debug|Any CPU
		{1531D596-D0FA-46CE-99D9-6483EB40624A}.DebugLocal|Any CPU.Build.0 = Debug|Any CPU
		{1531D596-D0FA-46CE-99D9-6483EB40624A}.DebugLocal|x86.ActiveCfg = Debug|x86
		{1531D596-D0FA-46CE-99D9-6483EB40624A}.DebugLocal|x86.Build.0 = Debug|x86
		{1531D596-D0FA-46CE-99D9-6483EB40624A}.Release|Any CPU.ActiveCfg = Debug|Any CPU
		{1531D596-D0FA-46CE-99D9-6483EB40624A}.Release|Any CPU.Build.0 = Debug|Any CPU
		{1531D596-D0FA-46CE-99D9-6483EB40624A}.Release|x86.ActiveCfg = Release|x86
		{1531D596-D0FA-46CE-99D9-6483EB40624A}.Release|x86.Build.0 = Release|x86
		{850B7465-0841-4C34-A918-F8B4472457D3}.Debug|Any CPU.ActiveCfg = Release|Any CPU
		{850B7465-0841-4C34-A918-F8B4472457D3}.Debug|Any CPU.Build.0 = Release|Any CPU
		{850B7465-0841-4C34-A918-F8B4472457D3}.Debug|x86.ActiveCfg = Debug|x86
		{850B7465-0841-4C34-A918-F8B4472457D3}.Debug|x86.Build.0 = Debug|x86
		{850B7465-0841-4C34-A918-F8B4472457D3}.DebugLocal|Any CPU.ActiveCfg = Debug|Any CPU
		{850B7465-0841-4C34-A918-F8B4472457D3}.DebugLocal|Any CPU.Build.0 = Debug|Any CPU
		{850B7465-0841-4C34-A918-F8B4472457D3}.DebugLocal|x86.ActiveCfg = Debug|x86
		{850B7465-0841-4C34-A918-F8B4472457D3}.DebugLocal|x86.Build.0 = Debug|x86
		{850B7465-0841-4C34-A918-F8B4472457D3}.Release|Any CPU.ActiveCfg = Debug|Any CPU
		{850B7465-0841-4C34-A918-F8B4472457D3}.Release|Any CPU.Build.0 = Debug|Any CPU
		{850B7465-0841-4C34-A918-F8B4472457D3}.Release|Any CPU.Deploy.0 = Debug|Any CPU
		{850B7465-0841-4C34-A918-F8B4472457D3}.Release|x86.ActiveCfg = Release|x86
		{850B7465-0841-4C34-A918-F8B4472457D3}.Release|x86.Build.0 = Release|x86
		{7E70002C-DC45-4330-8F2B-5F3FDB280213}.Debug|Any CPU.ActiveCfg = Release|Any CPU
		{7E70002C-DC45-4330-8F2B-5F3FDB280213}.Debug|Any CPU.Build.0 = Release|Any CPU
		{7E70002C-DC45-4330-8F2B-5F3FDB280213}.Debug|x86.ActiveCfg = Debug|Any CPU
		{7E70002C-DC45-4330-8F2B-5F3FDB280213}.Debug|x86.Build.0 = Debug|Any CPU
		{7E70002C-DC45-4330-8F2B-5F3FDB280213}.DebugLocal|Any CPU.ActiveCfg = Debug|Any CPU
		{7E70002C-DC45-4330-8F2B-5F3FDB280213}.DebugLocal|Any CPU.Build.0 = Debug|Any CPU
		{7E70002C-DC45-4330-8F2B-5F3FDB280213}.DebugLocal|x86.ActiveCfg = Debug|Any CPU
		{7E70002C-DC45-4330-8F2B-5F3FDB280213}.DebugLocal|x86.Build.0 = Debug|Any CPU
		{7E70002C-DC45-4330-8F2B-5F3FDB280213}.Release|Any CPU.ActiveCfg = Release|Any CPU
		{7E70002C-DC45-4330-8F2B-5F3FDB280213}.Release|Any CPU.Build.0 = Release|Any CPU
		{7E70002C-DC45-4330-8F2B-5F3FDB280213}.Release|x86.ActiveCfg = Release|Any CPU
		{7E70002C-DC45-4330-8F2B-5F3FDB280213}.Release|x86.Build.0 = Release|Any CPU
		{92DB3BC1-F8F2-468C-983F-8C99136DD6B9}.Debug|Any CPU.ActiveCfg = Release|Any CPU
		{92DB3BC1-F8F2-468C-983F-8C99136DD6B9}.Debug|Any CPU.Build.0 = Release|Any CPU
		{92DB3BC1-F8F2-468C-983F-8C99136DD6B9}.Debug|x86.ActiveCfg = Debug|Any CPU
		{92DB3BC1-F8F2-468C-983F-8C99136DD6B9}.Debug|x86.Build.0 = Debug|Any CPU
		{92DB3BC1-F8F2-468C-983F-8C99136DD6B9}.DebugLocal|Any CPU.ActiveCfg = Debug|Any CPU
		{92DB3BC1-F8F2-468C-983F-8C99136DD6B9}.DebugLocal|Any CPU.Build.0 = Debug|Any CPU
		{92DB3BC1-F8F2-468C-983F-8C99136DD6B9}.DebugLocal|x86.ActiveCfg = Debug|Any CPU
		{92DB3BC1-F8F2-468C-983F-8C99136DD6B9}.DebugLocal|x86.Build.0 = Debug|Any CPU
		{92DB3BC1-F8F2-468C-983F-8C99136DD6B9}.Release|Any CPU.ActiveCfg = Release|Any CPU
		{92DB3BC1-F8F2-468C-983F-8C99136DD6B9}.Release|Any CPU.Build.0 = Release|Any CPU
		{92DB3BC1-F8F2-468C-983F-8C99136DD6B9}.Release|x86.ActiveCfg = Release|Any CPU
		{92DB3BC1-F8F2-468C-983F-8C99136DD6B9}.Release|x86.Build.0 = Release|Any CPU
		{528DCB9E-11A0-4EDE-81E6-54671AD6FBEB}.Debug|Any CPU.ActiveCfg = Debug|Any CPU
		{528DCB9E-11A0-4EDE-81E6-54671AD6FBEB}.Debug|Any CPU.Build.0 = Debug|Any CPU
		{528DCB9E-11A0-4EDE-81E6-54671AD6FBEB}.Debug|x86.ActiveCfg = Debug|Any CPU
		{528DCB9E-11A0-4EDE-81E6-54671AD6FBEB}.Debug|x86.Build.0 = Debug|Any CPU
		{528DCB9E-11A0-4EDE-81E6-54671AD6FBEB}.DebugLocal|Any CPU.ActiveCfg = Debug|Any CPU
		{528DCB9E-11A0-4EDE-81E6-54671AD6FBEB}.DebugLocal|Any CPU.Build.0 = Debug|Any CPU
		{528DCB9E-11A0-4EDE-81E6-54671AD6FBEB}.DebugLocal|x86.ActiveCfg = Debug|Any CPU
		{528DCB9E-11A0-4EDE-81E6-54671AD6FBEB}.DebugLocal|x86.Build.0 = Debug|Any CPU
		{528DCB9E-11A0-4EDE-81E6-54671AD6FBEB}.Release|Any CPU.ActiveCfg = Release|Any CPU
		{528DCB9E-11A0-4EDE-81E6-54671AD6FBEB}.Release|Any CPU.Build.0 = Release|Any CPU
		{528DCB9E-11A0-4EDE-81E6-54671AD6FBEB}.Release|x86.ActiveCfg = Release|Any CPU
		{528DCB9E-11A0-4EDE-81E6-54671AD6FBEB}.Release|x86.Build.0 = Release|Any CPU
	EndGlobalSection
	GlobalSection(SolutionProperties) = preSolution
		HideSolutionNode = FALSE
	EndGlobalSection
	GlobalSection(ExtensibilityGlobals) = postSolution
		VisualSVNWorkingCopyRoot = .
	EndGlobalSection
EndGlobal
